// !$*UTF8*$!
{
	archiveVersion = 1;
	classes = {
	};
	objectVersion = 46;
	objects = {

/* Begin PBXBuildFile section */
		702E4B601B89B7EA003FE725 /* main.m in Sources */ = {isa = PBXBuildFile; fileRef = 702E4B5F1B89B7EA003FE725 /* main.m */; };
		702E4B631B89B7EA003FE725 /* AppDelegate.m in Sources */ = {isa = PBXBuildFile; fileRef = 702E4B621B89B7EA003FE725 /* AppDelegate.m */; };
		702E4B661B89B7EA003FE725 /* ViewController.m in Sources */ = {isa = PBXBuildFile; fileRef = 702E4B651B89B7EA003FE725 /* ViewController.m */; };
		702E4B691B89B7EA003FE725 /* Main.storyboard in Resources */ = {isa = PBXBuildFile; fileRef = 702E4B671B89B7EA003FE725 /* Main.storyboard */; };
		702E4B6B1B89B7EA003FE725 /* Assets.xcassets in Resources */ = {isa = PBXBuildFile; fileRef = 702E4B6A1B89B7EA003FE725 /* Assets.xcassets */; };
		702E4B6E1B89B7EA003FE725 /* LaunchScreen.storyboard in Resources */ = {isa = PBXBuildFile; fileRef = 702E4B6C1B89B7EA003FE725 /* LaunchScreen.storyboard */; };
		702E4B791B89B7EA003FE725 /* _8____CoreLocation________________Tests.m in Sources */ = {isa = PBXBuildFile; fileRef = 702E4B781B89B7EA003FE725 /* _8____CoreLocation________________Tests.m */; };
		702E4B841B89B7EA003FE725 /* _8____CoreLocation________________UITests.m in Sources */ = {isa = PBXBuildFile; fileRef = 702E4B831B89B7EA003FE725 /* _8____CoreLocation________________UITests.m */; };
		702E4B981B89B80D003FE725 /* INTULocationManager.m in Sources */ = {isa = PBXBuildFile; fileRef = 702E4B941B89B80D003FE725 /* INTULocationManager.m */; };
		702E4B991B89B80D003FE725 /* INTULocationRequest.m in Sources */ = {isa = PBXBuildFile; fileRef = 702E4B961B89B80D003FE725 /* INTULocationRequest.m */; };
/* End PBXBuildFile section */

/* Begin PBXContainerItemProxy section */
		702E4B751B89B7EA003FE725 /* PBXContainerItemProxy */ = {
			isa = PBXContainerItemProxy;
			containerPortal = 702E4B531B89B7EA003FE725 /* Project object */;
			proxyType = 1;
			remoteGlobalIDString = 702E4B5A1B89B7EA003FE725;
			remoteInfo = "08-掌握-CoreLocation框架的基本使用—定位的第三方框架";
		};
		702E4B801B89B7EA003FE725 /* PBXContainerItemProxy */ = {
			isa = PBXContainerItemProxy;
			containerPortal = 702E4B531B89B7EA003FE725 /* Project object */;
			proxyType = 1;
			remoteGlobalIDString = 702E4B5A1B89B7EA003FE725;
			remoteInfo = "08-掌握-CoreLocation框架的基本使用—定位的第三方框架";
		};
/* End PBXContainerItemProxy section */

/* Begin PBXFileReference section */
		702E4B5B1B89B7EA003FE725 /* 08-掌握-CoreLocation框架的基本使用—定位的第三方框架.app */ = {isa = PBXFileReference; explicitFileType = wrapper.application; includeInIndex = 0; path = "08-掌握-CoreLocation框架的基本使用—定位的第三方框架.app"; sourceTree = BUILT_PRODUCTS_DIR; };
		702E4B5F1B89B7EA003FE725 /* main.m */ = {isa = PBXFileReference; lastKnownFileType = sourcecode.c.objc; path = main.m; sourceTree = "<group>"; };
		702E4B611B89B7EA003FE725 /* AppDelegate.h */ = {isa = PBXFileReference; lastKnownFileType = sourcecode.c.h; path = AppDelegate.h; sourceTree = "<group>"; };
		702E4B621B89B7EA003FE725 /* AppDelegate.m */ = {isa = PBXFileReference; lastKnownFileType = sourcecode.c.objc; path = AppDelegate.m; sourceTree = "<group>"; };
		702E4B641B89B7EA003FE725 /* ViewController.h */ = {isa = PBXFileReference; lastKnownFileType = sourcecode.c.h; path = ViewController.h; sourceTree = "<group>"; };
		702E4B651B89B7EA003FE725 /* ViewController.m */ = {isa = PBXFileReference; lastKnownFileType = sourcecode.c.objc; path = ViewController.m; sourceTree = "<group>"; };
		702E4B681B89B7EA003FE725 /* Base */ = {isa = PBXFileReference; lastKnownFileType = file.storyboard; name = Base; path = Base.lproj/Main.storyboard; sourceTree = "<group>"; };
		702E4B6A1B89B7EA003FE725 /* Assets.xcassets */ = {isa = PBXFileReference; lastKnownFileType = folder.assetcatalog; path = Assets.xcassets; sourceTree = "<group>"; };
		702E4B6D1B89B7EA003FE725 /* Base */ = {isa = PBXFileReference; lastKnownFileType = file.storyboard; name = Base; path = Base.lproj/LaunchScreen.storyboard; sourceTree = "<group>"; };
		702E4B6F1B89B7EA003FE725 /* Info.plist */ = {isa = PBXFileReference; lastKnownFileType = text.plist.xml; path = Info.plist; sourceTree = "<group>"; };
		702E4B741B89B7EA003FE725 /* 08-掌握-CoreLocation框架的基本使用—定位的第三方框架Tests.xctest */ = {isa = PBXFileReference; explicitFileType = wrapper.cfbundle; includeInIndex = 0; path = "08-掌握-CoreLocation框架的基本使用—定位的第三方框架Tests.xctest"; sourceTree = BUILT_PRODUCTS_DIR; };
		702E4B781B89B7EA003FE725 /* _8____CoreLocation________________Tests.m */ = {isa = PBXFileReference; lastKnownFileType = sourcecode.c.objc; path = "_8____CoreLocation________________Tests.m"; sourceTree = "<group>"; };
		702E4B7A1B89B7EA003FE725 /* Info.plist */ = {isa = PBXFileReference; lastKnownFileType = text.plist.xml; path = Info.plist; sourceTree = "<group>"; };
		702E4B7F1B89B7EA003FE725 /* 08-掌握-CoreLocation框架的基本使用—定位的第三方框架UITests.xctest */ = {isa = PBXFileReference; explicitFileType = wrapper.cfbundle; includeInIndex = 0; path = "08-掌握-CoreLocation框架的基本使用—定位的第三方框架UITests.xctest"; sourceTree = BUILT_PRODUCTS_DIR; };
		702E4B831B89B7EA003FE725 /* _8____CoreLocation________________UITests.m */ = {isa = PBXFileReference; lastKnownFileType = sourcecode.c.objc; path = "_8____CoreLocation________________UITests.m"; sourceTree = "<group>"; };
		702E4B851B89B7EA003FE725 /* Info.plist */ = {isa = PBXFileReference; lastKnownFileType = text.plist.xml; path = Info.plist; sourceTree = "<group>"; };
		702E4B921B89B80D003FE725 /* INTULocationManager+Internal.h */ = {isa = PBXFileReference; fileEncoding = 4; lastKnownFileType = sourcecode.c.h; path = "INTULocationManager+Internal.h"; sourceTree = "<group>"; };
		702E4B931B89B80D003FE725 /* INTULocationManager.h */ = {isa = PBXFileReference; fileEncoding = 4; lastKnownFileType = sourcecode.c.h; path = INTULocationManager.h; sourceTree = "<group>"; };
		702E4B941B89B80D003FE725 /* INTULocationManager.m */ = {isa = PBXFileReference; fileEncoding = 4; lastKnownFileType = sourcecode.c.objc; path = INTULocationManager.m; sourceTree = "<group>"; };
		702E4B951B89B80D003FE725 /* INTULocationRequest.h */ = {isa = PBXFileReference; fileEncoding = 4; lastKnownFileType = sourcecode.c.h; path = INTULocationRequest.h; sourceTree = "<group>"; };
		702E4B961B89B80D003FE725 /* INTULocationRequest.m */ = {isa = PBXFileReference; fileEncoding = 4; lastKnownFileType = sourcecode.c.objc; path = INTULocationRequest.m; sourceTree = "<group>"; };
		702E4B971B89B80D003FE725 /* INTULocationRequestDefines.h */ = {isa = PBXFileReference; fileEncoding = 4; lastKnownFileType = sourcecode.c.h; path = INTULocationRequestDefines.h; sourceTree = "<group>"; };
/* End PBXFileReference section */

/* Begin PBXFrameworksBuildPhase section */
		702E4B581B89B7EA003FE725 /* Frameworks */ = {
			isa = PBXFrameworksBuildPhase;
			buildActionMask = 2147483647;
			files = (
			);
			runOnlyForDeploymentPostprocessing = 0;
		};
		702E4B711B89B7EA003FE725 /* Frameworks */ = {
			isa = PBXFrameworksBuildPhase;
			buildActionMask = 2147483647;
			files = (
			);
			runOnlyForDeploymentPostprocessing = 0;
		};
		702E4B7C1B89B7EA003FE725 /* Frameworks */ = {
			isa = PBXFrameworksBuildPhase;
			buildActionMask = 2147483647;
			files = (
			);
			runOnlyForDeploymentPostprocessing = 0;
		};
/* End PBXFrameworksBuildPhase section */

/* Begin PBXGroup section */
		702E4B521B89B7EA003FE725 = {
			isa = PBXGroup;
			children = (
				702E4B5D1B89B7EA003FE725 /* 08-掌握-CoreLocation框架的基本使用—定位的第三方框架 */,
				702E4B771B89B7EA003FE725 /* 08-掌握-CoreLocation框架的基本使用—定位的第三方框架Tests */,
				702E4B821B89B7EA003FE725 /* 08-掌握-CoreLocation框架的基本使用—定位的第三方框架UITests */,
				702E4B5C1B89B7EA003FE725 /* Products */,
			);
			sourceTree = "<group>";
		};
		702E4B5C1B89B7EA003FE725 /* Products */ = {
			isa = PBXGroup;
			children = (
				702E4B5B1B89B7EA003FE725 /* 08-掌握-CoreLocation框架的基本使用—定位的第三方框架.app */,
				702E4B741B89B7EA003FE725 /* 08-掌握-CoreLocation框架的基本使用—定位的第三方框架Tests.xctest */,
				702E4B7F1B89B7EA003FE725 /* 08-掌握-CoreLocation框架的基本使用—定位的第三方框架UITests.xctest */,
			);
			name = Products;
			sourceTree = "<group>";
		};
		702E4B5D1B89B7EA003FE725 /* 08-掌握-CoreLocation框架的基本使用—定位的第三方框架 */ = {
			isa = PBXGroup;
			children = (
				702E4B911B89B80D003FE725 /* INTULocationManager */,
				702E4B611B89B7EA003FE725 /* AppDelegate.h */,
				702E4B621B89B7EA003FE725 /* AppDelegate.m */,
				702E4B641B89B7EA003FE725 /* ViewController.h */,
				702E4B651B89B7EA003FE725 /* ViewController.m */,
				702E4B671B89B7EA003FE725 /* Main.storyboard */,
				702E4B6A1B89B7EA003FE725 /* Assets.xcassets */,
				702E4B6C1B89B7EA003FE725 /* LaunchScreen.storyboard */,
				702E4B6F1B89B7EA003FE725 /* Info.plist */,
				702E4B5E1B89B7EA003FE725 /* Supporting Files */,
			);
			path = "08-掌握-CoreLocation框架的基本使用—定位的第三方框架";
			sourceTree = "<group>";
		};
		702E4B5E1B89B7EA003FE725 /* Supporting Files */ = {
			isa = PBXGroup;
			children = (
				702E4B5F1B89B7EA003FE725 /* main.m */,
			);
			name = "Supporting Files";
			sourceTree = "<group>";
		};
		702E4B771B89B7EA003FE725 /* 08-掌握-CoreLocation框架的基本使用—定位的第三方框架Tests */ = {
			isa = PBXGroup;
			children = (
				702E4B781B89B7EA003FE725 /* _8____CoreLocation________________Tests.m */,
				702E4B7A1B89B7EA003FE725 /* Info.plist */,
			);
			path = "08-掌握-CoreLocation框架的基本使用—定位的第三方框架Tests";
			sourceTree = "<group>";
		};
		702E4B821B89B7EA003FE725 /* 08-掌握-CoreLocation框架的基本使用—定位的第三方框架UITests */ = {
			isa = PBXGroup;
			children = (
				702E4B831B89B7EA003FE725 /* _8____CoreLocation________________UITests.m */,
				702E4B851B89B7EA003FE725 /* Info.plist */,
			);
			path = "08-掌握-CoreLocation框架的基本使用—定位的第三方框架UITests";
			sourceTree = "<group>";
		};
		702E4B911B89B80D003FE725 /* INTULocationManager */ = {
			isa = PBXGroup;
			children = (
				702E4B921B89B80D003FE725 /* INTULocationManager+Internal.h */,
				702E4B931B89B80D003FE725 /* INTULocationManager.h */,
				702E4B941B89B80D003FE725 /* INTULocationManager.m */,
				702E4B951B89B80D003FE725 /* INTULocationRequest.h */,
				702E4B961B89B80D003FE725 /* INTULocationRequest.m */,
				702E4B971B89B80D003FE725 /* INTULocationRequestDefines.h */,
			);
			path = INTULocationManager;
			sourceTree = "<group>";
		};
/* End PBXGroup section */

/* Begin PBXNativeTarget section */
		702E4B5A1B89B7EA003FE725 /* 08-掌握-CoreLocation框架的基本使用—定位的第三方框架 */ = {
			isa = PBXNativeTarget;
			buildConfigurationList = 702E4B881B89B7EA003FE725 /* Build configuration list for PBXNativeTarget "08-掌握-CoreLocation框架的基本使用—定位的第三方框架" */;
			buildPhases = (
				702E4B571B89B7EA003FE725 /* Sources */,
				702E4B581B89B7EA003FE725 /* Frameworks */,
				702E4B591B89B7EA003FE725 /* Resources */,
			);
			buildRules = (
			);
			dependencies = (
			);
			name = "08-掌握-CoreLocation框架的基本使用—定位的第三方框架";
			productName = "08-掌握-CoreLocation框架的基本使用—定位的第三方框架";
			productReference = 702E4B5B1B89B7EA003FE725 /* 08-掌握-CoreLocation框架的基本使用—定位的第三方框架.app */;
			productType = "com.apple.product-type.application";
		};
		702E4B731B89B7EA003FE725 /* 08-掌握-CoreLocation框架的基本使用—定位的第三方框架Tests */ = {
			isa = PBXNativeTarget;
			buildConfigurationList = 702E4B8B1B89B7EA003FE725 /* Build configuration list for PBXNativeTarget "08-掌握-CoreLocation框架的基本使用—定位的第三方框架Tests" */;
			buildPhases = (
				702E4B701B89B7EA003FE725 /* Sources */,
				702E4B711B89B7EA003FE725 /* Frameworks */,
				702E4B721B89B7EA003FE725 /* Resources */,
			);
			buildRules = (
			);
			dependencies = (
				702E4B761B89B7EA003FE725 /* PBXTargetDependency */,
			);
			name = "08-掌握-CoreLocation框架的基本使用—定位的第三方框架Tests";
			productName = "08-掌握-CoreLocation框架的基本使用—定位的第三方框架Tests";
			productReference = 702E4B741B89B7EA003FE725 /* 08-掌握-CoreLocation框架的基本使用—定位的第三方框架Tests.xctest */;
			productType = "com.apple.product-type.bundle.unit-test";
		};
		702E4B7E1B89B7EA003FE725 /* 08-掌握-CoreLocation框架的基本使用—定位的第三方框架UITests */ = {
			isa = PBXNativeTarget;
			buildConfigurationList = 702E4B8E1B89B7EA003FE725 /* Build configuration list for PBXNativeTarget "08-掌握-CoreLocation框架的基本使用—定位的第三方框架UITests" */;
			buildPhases = (
				702E4B7B1B89B7EA003FE725 /* Sources */,
				702E4B7C1B89B7EA003FE725 /* Frameworks */,
				702E4B7D1B89B7EA003FE725 /* Resources */,
			);
			buildRules = (
			);
			dependencies = (
				702E4B811B89B7EA003FE725 /* PBXTargetDependency */,
			);
			name = "08-掌握-CoreLocation框架的基本使用—定位的第三方框架UITests";
			productName = "08-掌握-CoreLocation框架的基本使用—定位的第三方框架UITests";
			productReference = 702E4B7F1B89B7EA003FE725 /* 08-掌握-CoreLocation框架的基本使用—定位的第三方框架UITests.xctest */;
			productType = "com.apple.product-type.bundle.ui-testing";
		};
/* End PBXNativeTarget section */

/* Begin PBXProject section */
		702E4B531B89B7EA003FE725 /* Project object */ = {
			isa = PBXProject;
			attributes = {
				LastUpgradeCheck = 0700;
				ORGANIZATIONNAME = "小码哥";
				TargetAttributes = {
					702E4B5A1B89B7EA003FE725 = {
						CreatedOnToolsVersion = 7.0;
						SystemCapabilities = {
							com.apple.BackgroundModes = {
								enabled = 1;
							};
						};
					};
					702E4B731B89B7EA003FE725 = {
						CreatedOnToolsVersion = 7.0;
						TestTargetID = 702E4B5A1B89B7EA003FE725;
					};
					702E4B7E1B89B7EA003FE725 = {
						CreatedOnToolsVersion = 7.0;
						TestTargetID = 702E4B5A1B89B7EA003FE725;
					};
				};
			};
			buildConfigurationList = 702E4B561B89B7EA003FE725 /* Build configuration list for PBXProject "08-掌握-CoreLocation框架的基本使用—定位的第三方框架" */;
			compatibilityVersion = "Xcode 3.2";
			developmentRegion = English;
			hasScannedForEncodings = 0;
			knownRegions = (
				en,
				Base,
			);
			mainGroup = 702E4B521B89B7EA003FE725;
			productRefGroup = 702E4B5C1B89B7EA003FE725 /* Products */;
			projectDirPath = "";
			projectRoot = "";
			targets = (
				702E4B5A1B89B7EA003FE725 /* 08-掌握-CoreLocation框架的基本使用—定位的第三方框架 */,
				702E4B731B89B7EA003FE725 /* 08-掌握-CoreLocation框架的基本使用—定位的第三方框架Tests */,
				702E4B7E1B89B7EA003FE725 /* 08-掌握-CoreLocation框架的基本使用—定位的第三方框架UITests */,
			);
		};
/* End PBXProject section */

/* Begin PBXResourcesBuildPhase section */
		702E4B591B89B7EA003FE725 /* Resources */ = {
			isa = PBXResourcesBuildPhase;
			buildActionMask = 2147483647;
			files = (
				702E4B6E1B89B7EA003FE725 /* LaunchScreen.storyboard in Resources */,
				702E4B6B1B89B7EA003FE725 /* Assets.xcassets in Resources */,
				702E4B691B89B7EA003FE725 /* Main.storyboard in Resources */,
			);
			runOnlyForDeploymentPostprocessing = 0;
		};
		702E4B721B89B7EA003FE725 /* Resources */ = {
			isa = PBXResourcesBuildPhase;
			buildActionMask = 2147483647;
			files = (
			);
			runOnlyForDeploymentPostprocessing = 0;
		};
		702E4B7D1B89B7EA003FE725 /* Resources */ = {
			isa = PBXResourcesBuildPhase;
			buildActionMask = 2147483647;
			files = (
			);
			runOnlyForDeploymentPostprocessing = 0;
		};
/* End PBXResourcesBuildPhase section */

/* Begin PBXSourcesBuildPhase section */
		702E4B571B89B7EA003FE725 /* Sources */ = {
			isa = PBXSourcesBuildPhase;
			buildActionMask = 2147483647;
			files = (
				702E4B981B89B80D003FE725 /* INTULocationManager.m in Sources */,
				702E4B661B89B7EA003FE725 /* ViewController.m in Sources */,
				702E4B631B89B7EA003FE725 /* AppDelegate.m in Sources */,
				702E4B991B89B80D003FE725 /* INTULocationRequest.m in Sources */,
				702E4B601B89B7EA003FE725 /* main.m in Sources */,
			);
			runOnlyForDeploymentPostprocessing = 0;
		};
		702E4B701B89B7EA003FE725 /* Sources */ = {
			isa = PBXSourcesBuildPhase;
			buildActionMask = 2147483647;
			files = (
				702E4B791B89B7EA003FE725 /* _8____CoreLocation________________Tests.m in Sources */,
			);
			runOnlyForDeploymentPostprocessing = 0;
		};
		702E4B7B1B89B7EA003FE725 /* Sources */ = {
			isa = PBXSourcesBuildPhase;
			buildActionMask = 2147483647;
			files = (
				702E4B841B89B7EA003FE725 /* _8____CoreLocation________________UITests.m in Sources */,
			);
			runOnlyForDeploymentPostprocessing = 0;
		};
/* End PBXSourcesBuildPhase section */

/* Begin PBXTargetDependency section */
		702E4B761B89B7EA003FE725 /* PBXTargetDependency */ = {
			isa = PBXTargetDependency;
			target = 702E4B5A1B89B7EA003FE725 /* 08-掌握-CoreLocation框架的基本使用—定位的第三方框架 */;
			targetProxy = 702E4B751B89B7EA003FE725 /* PBXContainerItemProxy */;
		};
		702E4B811B89B7EA003FE725 /* PBXTargetDependency */ = {
			isa = PBXTargetDependency;
			target = 702E4B5A1B89B7EA003FE725 /* 08-掌握-CoreLocation框架的基本使用—定位的第三方框架 */;
			targetProxy = 702E4B801B89B7EA003FE725 /* PBXContainerItemProxy */;
		};
/* End PBXTargetDependency section */

/* Begin PBXVariantGroup section */
		702E4B671B89B7EA003FE725 /* Main.storyboard */ = {
			isa = PBXVariantGroup;
			children = (
				702E4B681B89B7EA003FE725 /* Base */,
			);
			name = Main.storyboard;
			sourceTree = "<group>";
		};
		702E4B6C1B89B7EA003FE725 /* LaunchScreen.storyboard */ = {
			isa = PBXVariantGroup;
			children = (
				702E4B6D1B89B7EA003FE725 /* Base */,
			);
			name = LaunchScreen.storyboard;
			sourceTree = "<group>";
		};
/* End PBXVariantGroup section */

/* Begin XCBuildConfiguration section */
		702E4B861B89B7EA003FE725 /* Debug */ = {
			isa = XCBuildConfiguration;
			buildSettings = {
				ALWAYS_SEARCH_USER_PATHS = NO;
				CLANG_CXX_LANGUAGE_STANDARD = "gnu++0x";
				CLANG_CXX_LIBRARY = "libc++";
				CLANG_ENABLE_MODULES = YES;
				CLANG_ENABLE_OBJC_ARC = YES;
				CLANG_WARN_BOOL_CONVERSION = YES;
				CLANG_WARN_CONSTANT_CONVERSION = YES;
				CLANG_WARN_DIRECT_OBJC_ISA_USAGE = YES_ERROR;
				CLANG_WARN_EMPTY_BODY = YES;
				CLANG_WARN_ENUM_CONVERSION = YES;
				CLANG_WARN_INT_CONVERSION = YES;
				CLANG_WARN_OBJC_ROOT_CLASS = YES_ERROR;
				CLANG_WARN_UNREACHABLE_CODE = YES;
				CLANG_WARN__DUPLICATE_METHOD_MATCH = YES;
				"CODE_SIGN_IDENTITY[sdk=iphoneos*]" = "iPhone Developer";
				COPY_PHASE_STRIP = NO;
				DEBUG_INFORMATION_FORMAT = dwarf;
				ENABLE_STRICT_OBJC_MSGSEND = YES;
				ENABLE_TESTABILITY = YES;
				GCC_C_LANGUAGE_STANDARD = gnu99;
				GCC_DYNAMIC_NO_PIC = NO;
				GCC_NO_COMMON_BLOCKS = YES;
				GCC_OPTIMIZATION_LEVEL = 0;
				GCC_PREPROCESSOR_DEFINITIONS = (
					"DEBUG=1",
					"$(inherited)",
				);
				GCC_WARN_64_TO_32_BIT_CONVERSION = YES;
				GCC_WARN_ABOUT_RETURN_TYPE = YES_ERROR;
				GCC_WARN_UNDECLARED_SELECTOR = YES;
				GCC_WARN_UNINITIALIZED_AUTOS = YES_AGGRESSIVE;
				GCC_WARN_UNUSED_FUNCTION = YES;
				GCC_WARN_UNUSED_VARIABLE = YES;
				IPHONEOS_DEPLOYMENT_TARGET = 8.0;
				MTL_ENABLE_DEBUG_INFO = YES;
				ONLY_ACTIVE_ARCH = YES;
				SDKROOT = iphoneos;
			};
			name = Debug;
		};
		702E4B871B89B7EA003FE725 /* Release */ = {
			isa = XCBuildConfiguration;
			buildSettings = {
				ALWAYS_SEARCH_USER_PATHS = NO;
				CLANG_CXX_LANGUAGE_STANDARD = "gnu++0x";
				CLANG_CXX_LIBRARY = "libc++";
				CLANG_ENABLE_MODULES = YES;
				CLANG_ENABLE_OBJC_ARC = YES;
				CLANG_WARN_BOOL_CONVERSION = YES;
				CLANG_WARN_CONSTANT_CONVERSION = YES;
				CLANG_WARN_DIRECT_OBJC_ISA_USAGE = YES_ERROR;
				CLANG_WARN_EMPTY_BODY = YES;
				CLANG_WARN_ENUM_CONVERSION = YES;
				CLANG_WARN_INT_CONVERSION = YES;
				CLANG_WARN_OBJC_ROOT_CLASS = YES_ERROR;
				CLANG_WARN_UNREACHABLE_CODE = YES;
				CLANG_WARN__DUPLICATE_METHOD_MATCH = YES;
				"CODE_SIGN_IDENTITY[sdk=iphoneos*]" = "iPhone Developer";
				COPY_PHASE_STRIP = NO;
				DEBUG_INFORMATION_FORMAT = "dwarf-with-dsym";
				ENABLE_NS_ASSERTIONS = NO;
				ENABLE_STRICT_OBJC_MSGSEND = YES;
				GCC_C_LANGUAGE_STANDARD = gnu99;
				GCC_NO_COMMON_BLOCKS = YES;
				GCC_WARN_64_TO_32_BIT_CONVERSION = YES;
				GCC_WARN_ABOUT_RETURN_TYPE = YES_ERROR;
				GCC_WARN_UNDECLARED_SELECTOR = YES;
				GCC_WARN_UNINITIALIZED_AUTOS = YES_AGGRESSIVE;
				GCC_WARN_UNUSED_FUNCTION = YES;
				GCC_WARN_UNUSED_VARIABLE = YES;
				IPHONEOS_DEPLOYMENT_TARGET = 8.0;
				MTL_ENABLE_DEBUG_INFO = NO;
				SDKROOT = iphoneos;
				VALIDATE_PRODUCT = YES;
			};
			name = Release;
		};
		702E4B891B89B7EA003FE725 /* Debug */ = {
			isa = XCBuildConfiguration;
			buildSettings = {
				ASSETCATALOG_COMPILER_APPICON_NAME = AppIcon;
				INFOPLIST_FILE = "08-掌握-CoreLocation框架的基本使用—定位的第三方框架/Info.plist";
				LD_RUNPATH_SEARCH_PATHS = "$(inherited) @executable_path/Frameworks";
				PRODUCT_BUNDLE_IDENTIFIER = "com.520it.-8----CoreLocation----------------";
				PRODUCT_NAME = "$(TARGET_NAME)";
			};
			name = Debug;
		};
		702E4B8A1B89B7EA003FE725 /* Release */ = {
			isa = XCBuildConfiguration;
			buildSettings = {
				ASSETCATALOG_COMPILER_APPICON_NAME = AppIcon;
				INFOPLIST_FILE = "08-掌握-CoreLocation框架的基本使用—定位的第三方框架/Info.plist";
				LD_RUNPATH_SEARCH_PATHS = "$(inherited) @executable_path/Frameworks";
				PRODUCT_BUNDLE_IDENTIFIER = "com.520it.-8----CoreLocation----------------";
				PRODUCT_NAME = "$(TARGET_NAME)";
			};
			name = Release;
		};
		702E4B8C1B89B7EA003FE725 /* Debug */ = {
			isa = XCBuildConfiguration;
			buildSettings = {
				BUNDLE_LOADER = "$(TEST_HOST)";
				INFOPLIST_FILE = "08-掌握-CoreLocation框架的基本使用—定位的第三方框架Tests/Info.plist";
				LD_RUNPATH_SEARCH_PATHS = "$(inherited) @executable_path/Frameworks @loader_path/Frameworks";
				PRODUCT_BUNDLE_IDENTIFIER = "com.520it.-8----CoreLocation----------------Tests";
				PRODUCT_NAME = "$(TARGET_NAME)";
				TEST_HOST = "$(BUILT_PRODUCTS_DIR)/08-掌握-CoreLocation框架的基本使用—定位的第三方框架.app/08-掌握-CoreLocation框架的基本使用—定位的第三方框架";
			};
			name = Debug;
		};
		702E4B8D1B89B7EA003FE725 /* Release */ = {
			isa = XCBuildConfiguration;
			buildSettings = {
				BUNDLE_LOADER = "$(TEST_HOST)";
				INFOPLIST_FILE = "08-掌握-CoreLocation框架的基本使用—定位的第三方框架Tests/Info.plist";
				LD_RUNPATH_SEARCH_PATHS = "$(inherited) @executable_path/Frameworks @loader_path/Frameworks";
				PRODUCT_BUNDLE_IDENTIFIER = "com.520it.-8----CoreLocation----------------Tests";
				PRODUCT_NAME = "$(TARGET_NAME)";
				TEST_HOST = "$(BUILT_PRODUCTS_DIR)/08-掌握-CoreLocation框架的基本使用—定位的第三方框架.app/08-掌握-CoreLocation框架的基本使用—定位的第三方框架";
			};
			name = Release;
		};
		702E4B8F1B89B7EA003FE725 /* Debug */ = {
			isa = XCBuildConfiguration;
			buildSettings = {
				INFOPLIST_FILE = "08-掌握-CoreLocation框架的基本使用—定位的第三方框架UITests/Info.plist";
				LD_RUNPATH_SEARCH_PATHS = "$(inherited) @executable_path/Frameworks @loader_path/Frameworks";
				PRODUCT_BUNDLE_IDENTIFIER = "com.520it.-8----CoreLocation----------------UITests";
				PRODUCT_NAME = "$(TARGET_NAME)";
				TEST_TARGET_NAME = "08-掌握-CoreLocation框架的基本使用—定位的第三方框架";
				USES_XCTRUNNER = YES;
			};
			name = Debug;
		};
		702E4B901B89B7EA003FE725 /* Release */ = {
			isa = XCBuildConfiguration;
			buildSettings = {
				INFOPLIST_FILE = "08-掌握-CoreLocation框架的基本使用—定位的第三方框架UITests/Info.plist";
				LD_RUNPATH_SEARCH_PATHS = "$(inherited) @executable_path/Frameworks @loader_path/Frameworks";
				PRODUCT_BUNDLE_IDENTIFIER = "com.520it.-8----CoreLocation----------------UITests";
				PRODUCT_NAME = "$(TARGET_NAME)";
				TEST_TARGET_NAME = "08-掌握-CoreLocation框架的基本使用—定位的第三方框架";
				USES_XCTRUNNER = YES;
			};
			name = Release;
		};
/* End XCBuildConfiguration section */

/* Begin XCConfigurationList section */
		702E4B561B89B7EA003FE725 /* Build configuration list for PBXProject "08-掌握-CoreLocation框架的基本使用—定位的第三方框架" */ = {
			isa = XCConfigurationList;
			buildConfigurations = (
				702E4B861B89B7EA003FE725 /* Debug */,
				702E4B871B89B7EA003FE725 /* Release */,
			);
			defaultConfigurationIsVisible = 0;
			defaultConfigurationName = Release;
		};
		702E4B881B89B7EA003FE725 /* Build configuration list for PBXNativeTarget "08-掌握-CoreLocation框架的基本使用—定位的第三方框架" */ = {
			isa = XCConfigurationList;
			buildConfigurations = (
				702E4B891B89B7EA003FE725 /* Debug */,
				702E4B8A1B89B7EA003FE725 /* Release */,
			);
			defaultConfigurationIsVisible = 0;
		};
		702E4B8B1B89B7EA003FE725 /* Build configuration list for PBXNativeTarget "08-掌握-CoreLocation框架的基本使用—定位的第三方框架Tests" */ = {
			isa = XCConfigurationList;
			buildConfigurations = (
				702E4B8C1B89B7EA003FE725 /* Debug */,
				702E4B8D1B89B7EA003FE725 /* Release */,
			);
			defaultConfigurationIsVisible = 0;
		};
		702E4B8E1B89B7EA003FE725 /* Build configuration list for PBXNativeTarget "08-掌握-CoreLocation框架的基本使用—定位的第三方框架UITests" */ = {
			isa = XCConfigurationList;
			buildConfigurations = (
				702E4B8F1B89B7EA003FE725 /* Debug */,
				702E4B901B89B7EA003FE725 /* Release */,
			);
			defaultConfigurationIsVisible = 0;
		};
/* End XCConfigurationList section */
	};
	rootObject = 702E4B531B89B7EA003FE725 /* Project object */;
}
